
Microsoft Visual Studio Solution File, Format Version 12.00
# Visual Studio 15
VisualStudioVersion = 15.0.27428.2005
MinimumVisualStudioVersion = 10.0.40219.1
Project("{8BC9CEB8-8B4A-11D0-8D11-00A0C91BC942}") = "compiler", "compiler\compiler.vcxproj", "{EB7A87D8-FE04-4DB8-826A-8D33EF0AB38B}"
EndProject
Project("{8BC9CEB8-8B4A-11D0-8D11-00A0C91BC942}") = "compiler_unit_test", "compiler_unit_test\compiler_unit_test.vcxproj", "{36A6B871-107A-480E-BD84-00EED093D064}"
EndProject
Global
	GlobalSection(SolutionConfigurationPlatforms) = preSolution
		Debug|Any CPU = Debug|Any CPU
		Debug|x64 = Debug|x64
		Debug|x86 = Debug|x86
		Release|Any CPU = Release|Any CPU
		Release|x64 = Release|x64
		Release|x86 = Release|x86
	EndGlobalSection
	GlobalSection(ProjectConfigurationPlatforms) = postSolution
		{EB7A87D8-FE04-4DB8-826A-8D33EF0AB38B}.Debug|Any CPU.ActiveCfg = Debug|Win32
		{EB7A87D8-FE04-4DB8-826A-8D33EF0AB38B}.Debug|x64.ActiveCfg = Debug|x64
		{EB7A87D8-FE04-4DB8-826A-8D33EF0AB38B}.Debug|x64.Build.0 = Debug|x64
		{EB7A87D8-FE04-4DB8-826A-8D33EF0AB38B}.Debug|x86.ActiveCfg = Debug|Win32
		{EB7A87D8-FE04-4DB8-826A-8D33EF0AB38B}.Debug|x86.Build.0 = Debug|Win32
		{EB7A87D8-FE04-4DB8-826A-8D33EF0AB38B}.Release|Any CPU.ActiveCfg = Release|Win32
		{EB7A87D8-FE04-4DB8-826A-8D33EF0AB38B}.Release|x64.ActiveCfg = Release|x64
		{EB7A87D8-FE04-4DB8-826A-8D33EF0AB38B}.Release|x64.Build.0 = Release|x64
		{EB7A87D8-FE04-4DB8-826A-8D33EF0AB38B}.Release|x86.ActiveCfg = Release|Win32
		{EB7A87D8-FE04-4DB8-826A-8D33EF0AB38B}.Release|x86.Build.0 = Release|Win32
		{36A6B871-107A-480E-BD84-00EED093D064}.Debug|Any CPU.ActiveCfg = Debug|Win32
		{36A6B871-107A-480E-BD84-00EED093D064}.Debug|x64.ActiveCfg = Debug|x64
		{36A6B871-107A-480E-BD84-00EED093D064}.Debug|x64.Build.0 = Debug|x64
		{36A6B871-107A-480E-BD84-00EED093D064}.Debug|x86.ActiveCfg = Debug|Win32
		{36A6B871-107A-480E-BD84-00EED093D064}.Debug|x86.Build.0 = Debug|Win32
		{36A6B871-107A-480E-BD84-00EED093D064}.Release|Any CPU.ActiveCfg = Release|Win32
		{36A6B871-107A-480E-BD84-00EED093D064}.Release|x64.ActiveCfg = Release|x64
		{36A6B871-107A-480E-BD84-00EED093D064}.Release|x64.Build.0 = Release|x64
		{36A6B871-107A-480E-BD84-00EED093D064}.Release|x86.ActiveCfg = Release|Win32
		{36A6B871-107A-480E-BD84-00EED093D064}.Release|x86.Build.0 = Release|Win32
	EndGlobalSection
	GlobalSection(SolutionProperties) = preSolution
		HideSolutionNode = FALSE
	EndGlobalSection
	GlobalSection(ExtensibilityGlobals) = postSolution
		SolutionGuid = {AE0D2A43-0D12-46EB-9505-EC756ADA7D51}
	EndGlobalSection
EndGlobal
