<?xml version="1.0" encoding="utf-8"?>
<Project ToolsVersion="4.0" xmlns="http://schemas.microsoft.com/developer/msbuild/2003">
  <ItemGroup>
    <Filter Include="Source Files">
      <UniqueIdentifier>{4FC737F1-C7A5-4376-A066-2A32D752A2FF}</UniqueIdentifier>
      <Extensions>cpp;c;cc;cxx;def;odl;idl;hpj;bat;asm;asmx</Extensions>
    </Filter>
    <Filter Include="Header Files">
      <UniqueIdentifier>{93995380-89BD-4b04-88EB-625FBE52EBFB}</UniqueIdentifier>
      <Extensions>h;hh;hpp;hxx;hm;inl;inc;xsd</Extensions>
    </Filter>
    <Filter Include="Resource Files">
      <UniqueIdentifier>{67DA6AB6-F800-4c08-8B7A-83BB121AAD01}</UniqueIdentifier>
      <Extensions>rc;ico;cur;bmp;dlg;rc2;rct;bin;rgs;gif;jpg;jpeg;jpe;resx;tiff;tif;png;wav;mfcribbon-ms</Extensions>
    </Filter>
  </ItemGroup>
  <ItemGroup>
    <ClInclude Include="stdafx.h">
      <Filter>Header Files</Filter>
    </ClInclude>
    <ClInclude Include="targetver.h">
      <Filter>Header Files</Filter>
    </ClInclude>
    <ClInclude Include="lexical_analyzer.h">
      <Filter>Header Files</Filter>
    </ClInclude>
    <ClInclude Include="parser.h">
      <Filter>Header Files</Filter>
    </ClInclude>
    <ClInclude Include="program.h">
      <Filter>Header Files</Filter>
    </ClInclude>
    <ClInclude Include="string_utils.h">
      <Filter>Header Files</Filter>
    </ClInclude>
    <ClInclude Include="syntax_analyzer.h">
      <Filter>Header Files</Filter>
    </ClInclude>
    <ClInclude Include="syntax_tree.h">
      <Filter>Header Files</Filter>
    </ClInclude>
    <ClInclude Include="token.h">
      <Filter>Header Files</Filter>
    </ClInclude>
    <ClInclude Include="descriptor.h">
      <Filter>Header Files</Filter>
    </ClInclude>
    <ClInclude Include="parsers.h">
      <Filter>Header Files</Filter>
    </ClInclude>
    <ClInclude Include="utility.h">
      <Filter>Header Files</Filter>
    </ClInclude>
    <ClInclude Include="bytecode.h">
      <Filter>Header Files</Filter>
    </ClInclude>
    <ClInclude Include="instruction.h">
      <Filter>Header Files</Filter>
    </ClInclude>
    <ClInclude Include="instructions.h">
      <Filter>Header Files</Filter>
    </ClInclude>
    <ClInclude Include="local_variable_table.h">
      <Filter>Header Files</Filter>
    </ClInclude>
    <ClInclude Include="operand_stack.h">
      <Filter>Header Files</Filter>
    </ClInclude>
    <ClInclude Include="syntax_descriptors.h">
      <Filter>Header Files</Filter>
    </ClInclude>
    <ClInclude Include="virtual_machine.h">
      <Filter>Header Files</Filter>
    </ClInclude>
    <ClInclude Include="func.h">
      <Filter>Header Files</Filter>
    </ClInclude>
    <ClInclude Include="object_t.h">
      <Filter>Header Files</Filter>
    </ClInclude>
    <ClInclude Include="built_in_function.h">
      <Filter>Header Files</Filter>
    </ClInclude>
    <ClInclude Include="built_in_functions.h">
      <Filter>Header Files</Filter>
    </ClInclude>
    <ClInclude Include="semantic_analyzer.h">
      <Filter>Header Files</Filter>
    </ClInclude>
    <ClInclude Include="bytecode_generators.h">
      <Filter>Header Files</Filter>
    </ClInclude>
    <ClInclude Include="bytecode_appender.h">
      <Filter>Header Files</Filter>
    </ClInclude>
    <ClInclude Include="function_executor.h">
      <Filter>Header Files</Filter>
    </ClInclude>
    <ClInclude Include="function_environment.h">
      <Filter>Header Files</Filter>
    </ClInclude>
    <ClInclude Include="bytecode_generator.h">
      <Filter>Header Files</Filter>
    </ClInclude>
    <ClInclude Include="bytecode_function_generator.h">
      <Filter>Header Files</Filter>
    </ClInclude>
    <ClInclude Include="unit_assert.h">
      <Filter>Header Files</Filter>
    </ClInclude>
    <ClInclude Include="type_base.h">
      <Filter>Header Files</Filter>
    </ClInclude>
    <ClInclude Include="type_primitive.h">
      <Filter>Header Files</Filter>
    </ClInclude>
    <ClInclude Include="type_struct.h">
      <Filter>Header Files</Filter>
    </ClInclude>
    <ClInclude Include="type_pointer.h">
      <Filter>Header Files</Filter>
    </ClInclude>
    <ClInclude Include="primitive_cast.h">
      <Filter>Header Files</Filter>
    </ClInclude>
    <ClInclude Include="assign_cast.h">
      <Filter>Header Files</Filter>
    </ClInclude>
    <ClInclude Include="compilation_error.h">
      <Filter>Header Files</Filter>
    </ClInclude>
    <ClInclude Include="type_array.h">
      <Filter>Header Files</Filter>
    </ClInclude>
    <ClInclude Include="syntax_tree_evaluation.h">
      <Filter>Header Files</Filter>
    </ClInclude>
  </ItemGroup>
  <ItemGroup>
    <ClCompile Include="stdafx.cpp">
      <Filter>Source Files</Filter>
    </ClCompile>
    <ClCompile Include="lexical_analyzer.cpp">
      <Filter>Source Files</Filter>
    </ClCompile>
    <ClCompile Include="parser.cpp">
      <Filter>Source Files</Filter>
    </ClCompile>
    <ClCompile Include="program.cpp">
      <Filter>Source Files</Filter>
    </ClCompile>
    <ClCompile Include="syntax_analyzer.cpp">
      <Filter>Source Files</Filter>
    </ClCompile>
    <ClCompile Include="syntax_tree.cpp">
      <Filter>Source Files</Filter>
    </ClCompile>
    <ClCompile Include="token.cpp">
      <Filter>Source Files</Filter>
    </ClCompile>
    <ClCompile Include="descriptor.cpp">
      <Filter>Source Files</Filter>
    </ClCompile>
    <ClCompile Include="string_utils.cpp">
      <Filter>Source Files</Filter>
    </ClCompile>
    <ClCompile Include="parsers.cpp">
      <Filter>Source Files</Filter>
    </ClCompile>
    <ClCompile Include="bytecode.cpp">
      <Filter>Source Files</Filter>
    </ClCompile>
    <ClCompile Include="instructions.cpp">
      <Filter>Source Files</Filter>
    </ClCompile>
    <ClCompile Include="local_variable_table.cpp">
      <Filter>Source Files</Filter>
    </ClCompile>
    <ClCompile Include="operand_stack.cpp">
      <Filter>Source Files</Filter>
    </ClCompile>
    <ClCompile Include="syntax_descriptors.cpp">
      <Filter>Source Files</Filter>
    </ClCompile>
    <ClCompile Include="virtual_machine.cpp">
      <Filter>Source Files</Filter>
    </ClCompile>
    <ClCompile Include="func.cpp">
      <Filter>Source Files</Filter>
    </ClCompile>
    <ClCompile Include="object_t.cpp">
      <Filter>Source Files</Filter>
    </ClCompile>
    <ClCompile Include="built_in_function.cpp">
      <Filter>Source Files</Filter>
    </ClCompile>
    <ClCompile Include="built_in_functions.cpp">
      <Filter>Source Files</Filter>
    </ClCompile>
    <ClCompile Include="semantic_analyzer.cpp">
      <Filter>Source Files</Filter>
    </ClCompile>
    <ClCompile Include="bytecode_generators.cpp">
      <Filter>Source Files</Filter>
    </ClCompile>
    <ClCompile Include="bytecode_appender.cpp">
      <Filter>Source Files</Filter>
    </ClCompile>
    <ClCompile Include="function_environment.cpp">
      <Filter>Source Files</Filter>
    </ClCompile>
    <ClCompile Include="bytecode_generator.cpp">
      <Filter>Source Files</Filter>
    </ClCompile>
    <ClCompile Include="bytecode_function_generator.cpp">
      <Filter>Source Files</Filter>
    </ClCompile>
    <ClCompile Include="type_base.cpp">
      <Filter>Source Files</Filter>
    </ClCompile>
    <ClCompile Include="type_primitive.cpp">
      <Filter>Source Files</Filter>
    </ClCompile>
    <ClCompile Include="type_struct.cpp">
      <Filter>Source Files</Filter>
    </ClCompile>
    <ClCompile Include="type_pointer.cpp">
      <Filter>Source Files</Filter>
    </ClCompile>
    <ClCompile Include="primitive_cast.cpp">
      <Filter>Source Files</Filter>
    </ClCompile>
    <ClCompile Include="unit_assert.cpp">
      <Filter>Source Files</Filter>
    </ClCompile>
    <ClCompile Include="compilation_error.cpp">
      <Filter>Source Files</Filter>
    </ClCompile>
    <ClCompile Include="type_array.cpp">
      <Filter>Source Files</Filter>
    </ClCompile>
    <ClCompile Include="syntax_tree_evaluation.cpp">
      <Filter>Source Files</Filter>
    </ClCompile>
  </ItemGroup>
</Project>